
Microsoft Visual Studio Solution File, Format Version 12.00
# Visual Studio Version 16
VisualStudioVersion = 16.0.30907.101
MinimumVisualStudioVersion = 10.0.40219.1
Project("{FAE04EC0-301F-11D3-BF4B-00C04F79EFBC}") = "TBQuestGame", "TBQuestGame\TBQuestGame.csproj", "{924C0CDC-30B5-4675-9338-329567501C20}"
EndProject
Project("{FAE04EC0-301F-11D3-BF4B-00C04F79EFBC}") = "TBQuestGame.S2", "TBQuestGame.S2\TBQuestGame.S2.csproj", "{B1F3EB72-FF19-41AB-AD35-85D9C4B1BF6C}"
EndProject
Global
	GlobalSection(SolutionConfigurationPlatforms) = preSolution
		Debug|Any CPU = Debug|Any CPU
		Release|Any CPU = Release|Any CPU
	EndGlobalSection
	GlobalSection(ProjectConfigurationPlatforms) = postSolution
		{924C0CDC-30B5-4675-9338-329567501C20}.Debug|Any CPU.ActiveCfg = Debug|Any CPU
		{924C0CDC-30B5-4675-9338-329567501C20}.Debug|Any CPU.Build.0 = Debug|Any CPU
		{924C0CDC-30B5-4675-9338-329567501C20}.Release|Any CPU.ActiveCfg = Release|Any CPU
		{924C0CDC-30B5-4675-9338-329567501C20}.Release|Any CPU.Build.0 = Release|Any CPU
		{B1F3EB72-FF19-41AB-AD35-85D9C4B1BF6C}.Debug|Any CPU.ActiveCfg = Debug|Any CPU
		{B1F3EB72-FF19-41AB-AD35-85D9C4B1BF6C}.Debug|Any CPU.Build.0 = Debug|Any CPU
		{B1F3EB72-FF19-41AB-AD35-85D9C4B1BF6C}.Release|Any CPU.ActiveCfg = Release|Any CPU
		{B1F3EB72-FF19-41AB-AD35-85D9C4B1BF6C}.Release|Any CPU.Build.0 = Release|Any CPU
	EndGlobalSection
	GlobalSection(SolutionProperties) = preSolution
		HideSolutionNode = FALSE
	EndGlobalSection
	GlobalSection(ExtensibilityGlobals) = postSolution
		SolutionGuid = {D091EFA3-AD62-4F5C-88C1-E497C113B9A1}
	EndGlobalSection
EndGlobal
